
Microsoft Visual Studio Solution File, Format Version 12.00
# Visual Studio 15
VisualStudioVersion = 15.0.27428.2011
MinimumVisualStudioVersion = 10.0.40219.1
Project("{9A19103F-16F7-4668-BE54-9A1E7A4F7556}") = "Mobile", "Mobile\Mobile\Mobile\Mobile.csproj", "{529FF9CD-DC5A-43AE-BD7C-21DAADC405DE}"
EndProject
Project("{FAE04EC0-301F-11D3-BF4B-00C04F79EFBC}") = "Mobile.Android", "Mobile\Mobile\Mobile.Android\Mobile.Android.csproj", "{07DD7FD6-0967-45A9-8A68-6511A27DB11B}"
EndProject
Project("{FAE04EC0-301F-11D3-BF4B-00C04F79EFBC}") = "Mobile.iOS", "Mobile\Mobile\Mobile.iOS\Mobile.iOS.csproj", "{176DBF11-2B0C-49C9-A7B4-F14B8AC6E49A}"
EndProject
Project("{9A19103F-16F7-4668-BE54-9A1E7A4F7556}") = "Model", "Mobile\Model\Model.csproj", "{B5F2D70F-D751-4D49-881A-A71130602F76}"
EndProject
Project("{9A19103F-16F7-4668-BE54-9A1E7A4F7556}") = "Service", "Mobile\Service\Service.csproj", "{09BAE143-C7F7-493F-8EF9-7618D34DBD34}"
EndProject
Global
	GlobalSection(SolutionConfigurationPlatforms) = preSolution
		Ad-Hoc|Any CPU = Ad-Hoc|Any CPU
		Ad-Hoc|iPhone = Ad-Hoc|iPhone
		Ad-Hoc|iPhoneSimulator = Ad-Hoc|iPhoneSimulator
		AppStore|Any CPU = AppStore|Any CPU
		AppStore|iPhone = AppStore|iPhone
		AppStore|iPhoneSimulator = AppStore|iPhoneSimulator
		Debug|Any CPU = Debug|Any CPU
		Debug|iPhone = Debug|iPhone
		Debug|iPhoneSimulator = Debug|iPhoneSimulator
		Release|Any CPU = Release|Any CPU
		Release|iPhone = Release|iPhone
		Release|iPhoneSimulator = Release|iPhoneSimulator
	EndGlobalSection
	GlobalSection(ProjectConfigurationPlatforms) = postSolution
		{529FF9CD-DC5A-43AE-BD7C-21DAADC405DE}.Ad-Hoc|Any CPU.ActiveCfg = Debug|Any CPU
		{529FF9CD-DC5A-43AE-BD7C-21DAADC405DE}.Ad-Hoc|Any CPU.Build.0 = Debug|Any CPU
		{529FF9CD-DC5A-43AE-BD7C-21DAADC405DE}.Ad-Hoc|iPhone.ActiveCfg = Debug|Any CPU
		{529FF9CD-DC5A-43AE-BD7C-21DAADC405DE}.Ad-Hoc|iPhone.Build.0 = Debug|Any CPU
		{529FF9CD-DC5A-43AE-BD7C-21DAADC405DE}.Ad-Hoc|iPhoneSimulator.ActiveCfg = Debug|Any CPU
		{529FF9CD-DC5A-43AE-BD7C-21DAADC405DE}.Ad-Hoc|iPhoneSimulator.Build.0 = Debug|Any CPU
		{529FF9CD-DC5A-43AE-BD7C-21DAADC405DE}.AppStore|Any CPU.ActiveCfg = Debug|Any CPU
		{529FF9CD-DC5A-43AE-BD7C-21DAADC405DE}.AppStore|Any CPU.Build.0 = Debug|Any CPU
		{529FF9CD-DC5A-43AE-BD7C-21DAADC405DE}.AppStore|iPhone.ActiveCfg = Debug|Any CPU
		{529FF9CD-DC5A-43AE-BD7C-21DAADC405DE}.AppStore|iPhone.Build.0 = Debug|Any CPU
		{529FF9CD-DC5A-43AE-BD7C-21DAADC405DE}.AppStore|iPhoneSimulator.ActiveCfg = Debug|Any CPU
		{529FF9CD-DC5A-43AE-BD7C-21DAADC405DE}.AppStore|iPhoneSimulator.Build.0 = Debug|Any CPU
		{529FF9CD-DC5A-43AE-BD7C-21DAADC405DE}.Debug|Any CPU.ActiveCfg = Debug|Any CPU
		{529FF9CD-DC5A-43AE-BD7C-21DAADC405DE}.Debug|Any CPU.Build.0 = Debug|Any CPU
		{529FF9CD-DC5A-43AE-BD7C-21DAADC405DE}.Debug|iPhone.ActiveCfg = Debug|Any CPU
		{529FF9CD-DC5A-43AE-BD7C-21DAADC405DE}.Debug|iPhone.Build.0 = Debug|Any CPU
		{529FF9CD-DC5A-43AE-BD7C-21DAADC405DE}.Debug|iPhoneSimulator.ActiveCfg = Debug|Any CPU
		{529FF9CD-DC5A-43AE-BD7C-21DAADC405DE}.Debug|iPhoneSimulator.Build.0 = Debug|Any CPU
		{529FF9CD-DC5A-43AE-BD7C-21DAADC405DE}.Release|Any CPU.ActiveCfg = Release|Any CPU
		{529FF9CD-DC5A-43AE-BD7C-21DAADC405DE}.Release|Any CPU.Build.0 = Release|Any CPU
		{529FF9CD-DC5A-43AE-BD7C-21DAADC405DE}.Release|iPhone.ActiveCfg = Release|Any CPU
		{529FF9CD-DC5A-43AE-BD7C-21DAADC405DE}.Release|iPhone.Build.0 = Release|Any CPU
		{529FF9CD-DC5A-43AE-BD7C-21DAADC405DE}.Release|iPhoneSimulator.ActiveCfg = Release|Any CPU
		{529FF9CD-DC5A-43AE-BD7C-21DAADC405DE}.Release|iPhoneSimulator.Build.0 = Release|Any CPU
		{07DD7FD6-0967-45A9-8A68-6511A27DB11B}.Ad-Hoc|Any CPU.ActiveCfg = Release|Any CPU
		{07DD7FD6-0967-45A9-8A68-6511A27DB11B}.Ad-Hoc|Any CPU.Build.0 = Release|Any CPU
		{07DD7FD6-0967-45A9-8A68-6511A27DB11B}.Ad-Hoc|Any CPU.Deploy.0 = Release|Any CPU
		{07DD7FD6-0967-45A9-8A68-6511A27DB11B}.Ad-Hoc|iPhone.ActiveCfg = Release|Any CPU
		{07DD7FD6-0967-45A9-8A68-6511A27DB11B}.Ad-Hoc|iPhone.Build.0 = Release|Any CPU
		{07DD7FD6-0967-45A9-8A68-6511A27DB11B}.Ad-Hoc|iPhone.Deploy.0 = Release|Any CPU
		{07DD7FD6-0967-45A9-8A68-6511A27DB11B}.Ad-Hoc|iPhoneSimulator.ActiveCfg = Release|Any CPU
		{07DD7FD6-0967-45A9-8A68-6511A27DB11B}.Ad-Hoc|iPhoneSimulator.Build.0 = Release|Any CPU
		{07DD7FD6-0967-45A9-8A68-6511A27DB11B}.Ad-Hoc|iPhoneSimulator.Deploy.0 = Release|Any CPU
		{07DD7FD6-0967-45A9-8A68-6511A27DB11B}.AppStore|Any CPU.ActiveCfg = Release|Any CPU
		{07DD7FD6-0967-45A9-8A68-6511A27DB11B}.AppStore|Any CPU.Build.0 = Release|Any CPU
		{07DD7FD6-0967-45A9-8A68-6511A27DB11B}.AppStore|Any CPU.Deploy.0 = Release|Any CPU
		{07DD7FD6-0967-45A9-8A68-6511A27DB11B}.AppStore|iPhone.ActiveCfg = Release|Any CPU
		{07DD7FD6-0967-45A9-8A68-6511A27DB11B}.AppStore|iPhone.Build.0 = Release|Any CPU
		{07DD7FD6-0967-45A9-8A68-6511A27DB11B}.AppStore|iPhone.Deploy.0 = Release|Any CPU
		{07DD7FD6-0967-45A9-8A68-6511A27DB11B}.AppStore|iPhoneSimulator.ActiveCfg = Release|Any CPU
		{07DD7FD6-0967-45A9-8A68-6511A27DB11B}.AppStore|iPhoneSimulator.Build.0 = Release|Any CPU
		{07DD7FD6-0967-45A9-8A68-6511A27DB11B}.AppStore|iPhoneSimulator.Deploy.0 = Release|Any CPU
		{07DD7FD6-0967-45A9-8A68-6511A27DB11B}.Debug|Any CPU.ActiveCfg = Debug|Any CPU
		{07DD7FD6-0967-45A9-8A68-6511A27DB11B}.Debug|Any CPU.Build.0 = Debug|Any CPU
		{07DD7FD6-0967-45A9-8A68-6511A27DB11B}.Debug|Any CPU.Deploy.0 = Debug|Any CPU
		{07DD7FD6-0967-45A9-8A68-6511A27DB11B}.Debug|iPhone.ActiveCfg = Debug|Any CPU
		{07DD7FD6-0967-45A9-8A68-6511A27DB11B}.Debug|iPhone.Build.0 = Debug|Any CPU
		{07DD7FD6-0967-45A9-8A68-6511A27DB11B}.Debug|iPhone.Deploy.0 = Debug|Any CPU
		{07DD7FD6-0967-45A9-8A68-6511A27DB11B}.Debug|iPhoneSimulator.ActiveCfg = Debug|Any CPU
		{07DD7FD6-0967-45A9-8A68-6511A27DB11B}.Debug|iPhoneSimulator.Build.0 = Debug|Any CPU
		{07DD7FD6-0967-45A9-8A68-6511A27DB11B}.Debug|iPhoneSimulator.Deploy.0 = Debug|Any CPU
		{07DD7FD6-0967-45A9-8A68-6511A27DB11B}.Release|Any CPU.ActiveCfg = Release|Any CPU
		{07DD7FD6-0967-45A9-8A68-6511A27DB11B}.Release|Any CPU.Build.0 = Release|Any CPU
		{07DD7FD6-0967-45A9-8A68-6511A27DB11B}.Release|Any CPU.Deploy.0 = Release|Any CPU
		{07DD7FD6-0967-45A9-8A68-6511A27DB11B}.Release|iPhone.ActiveCfg = Release|Any CPU
		{07DD7FD6-0967-45A9-8A68-6511A27DB11B}.Release|iPhone.Build.0 = Release|Any CPU
		{07DD7FD6-0967-45A9-8A68-6511A27DB11B}.Release|iPhone.Deploy.0 = Release|Any CPU
		{07DD7FD6-0967-45A9-8A68-6511A27DB11B}.Release|iPhoneSimulator.ActiveCfg = Release|Any CPU
		{07DD7FD6-0967-45A9-8A68-6511A27DB11B}.Release|iPhoneSimulator.Build.0 = Release|Any CPU
		{07DD7FD6-0967-45A9-8A68-6511A27DB11B}.Release|iPhoneSimulator.Deploy.0 = Release|Any CPU
		{176DBF11-2B0C-49C9-A7B4-F14B8AC6E49A}.Ad-Hoc|Any CPU.ActiveCfg = Ad-Hoc|iPhone
		{176DBF11-2B0C-49C9-A7B4-F14B8AC6E49A}.Ad-Hoc|iPhone.ActiveCfg = Ad-Hoc|iPhone
		{176DBF11-2B0C-49C9-A7B4-F14B8AC6E49A}.Ad-Hoc|iPhone.Build.0 = Ad-Hoc|iPhone
		{176DBF11-2B0C-49C9-A7B4-F14B8AC6E49A}.Ad-Hoc|iPhoneSimulator.ActiveCfg = Ad-Hoc|iPhoneSimulator
		{176DBF11-2B0C-49C9-A7B4-F14B8AC6E49A}.Ad-Hoc|iPhoneSimulator.Build.0 = Ad-Hoc|iPhoneSimulator
		{176DBF11-2B0C-49C9-A7B4-F14B8AC6E49A}.AppStore|Any CPU.ActiveCfg = AppStore|iPhone
		{176DBF11-2B0C-49C9-A7B4-F14B8AC6E49A}.AppStore|iPhone.ActiveCfg = AppStore|iPhone
		{176DBF11-2B0C-49C9-A7B4-F14B8AC6E49A}.AppStore|iPhone.Build.0 = AppStore|iPhone
		{176DBF11-2B0C-49C9-A7B4-F14B8AC6E49A}.AppStore|iPhoneSimulator.ActiveCfg = AppStore|iPhoneSimulator
		{176DBF11-2B0C-49C9-A7B4-F14B8AC6E49A}.AppStore|iPhoneSimulator.Build.0 = AppStore|iPhoneSimulator
		{176DBF11-2B0C-49C9-A7B4-F14B8AC6E49A}.Debug|Any CPU.ActiveCfg = Debug|iPhone
		{176DBF11-2B0C-49C9-A7B4-F14B8AC6E49A}.Debug|iPhone.ActiveCfg = Debug|iPhone
		{176DBF11-2B0C-49C9-A7B4-F14B8AC6E49A}.Debug|iPhone.Build.0 = Debug|iPhone
		{176DBF11-2B0C-49C9-A7B4-F14B8AC6E49A}.Debug|iPhoneSimulator.ActiveCfg = Debug|iPhoneSimulator
		{176DBF11-2B0C-49C9-A7B4-F14B8AC6E49A}.Debug|iPhoneSimulator.Build.0 = Debug|iPhoneSimulator
		{176DBF11-2B0C-49C9-A7B4-F14B8AC6E49A}.Release|Any CPU.ActiveCfg = Release|iPhone
		{176DBF11-2B0C-49C9-A7B4-F14B8AC6E49A}.Release|iPhone.ActiveCfg = Release|iPhone
		{176DBF11-2B0C-49C9-A7B4-F14B8AC6E49A}.Release|iPhone.Build.0 = Release|iPhone
		{176DBF11-2B0C-49C9-A7B4-F14B8AC6E49A}.Release|iPhoneSimulator.ActiveCfg = Release|iPhoneSimulator
		{176DBF11-2B0C-49C9-A7B4-F14B8AC6E49A}.Release|iPhoneSimulator.Build.0 = Release|iPhoneSimulator
		{B5F2D70F-D751-4D49-881A-A71130602F76}.Ad-Hoc|Any CPU.ActiveCfg = Debug|Any CPU
		{B5F2D70F-D751-4D49-881A-A71130602F76}.Ad-Hoc|Any CPU.Build.0 = Debug|Any CPU
		{B5F2D70F-D751-4D49-881A-A71130602F76}.Ad-Hoc|iPhone.ActiveCfg = Debug|Any CPU
		{B5F2D70F-D751-4D49-881A-A71130602F76}.Ad-Hoc|iPhone.Build.0 = Debug|Any CPU
		{B5F2D70F-D751-4D49-881A-A71130602F76}.Ad-Hoc|iPhoneSimulator.ActiveCfg = Debug|Any CPU
		{B5F2D70F-D751-4D49-881A-A71130602F76}.Ad-Hoc|iPhoneSimulator.Build.0 = Debug|Any CPU
		{B5F2D70F-D751-4D49-881A-A71130602F76}.AppStore|Any CPU.ActiveCfg = Debug|Any CPU
		{B5F2D70F-D751-4D49-881A-A71130602F76}.AppStore|Any CPU.Build.0 = Debug|Any CPU
		{B5F2D70F-D751-4D49-881A-A71130602F76}.AppStore|iPhone.ActiveCfg = Debug|Any CPU
		{B5F2D70F-D751-4D49-881A-A71130602F76}.AppStore|iPhone.Build.0 = Debug|Any CPU
		{B5F2D70F-D751-4D49-881A-A71130602F76}.AppStore|iPhoneSimulator.ActiveCfg = Debug|Any CPU
		{B5F2D70F-D751-4D49-881A-A71130602F76}.AppStore|iPhoneSimulator.Build.0 = Debug|Any CPU
		{B5F2D70F-D751-4D49-881A-A71130602F76}.Debug|Any CPU.ActiveCfg = Debug|Any CPU
		{B5F2D70F-D751-4D49-881A-A71130602F76}.Debug|Any CPU.Build.0 = Debug|Any CPU
		{B5F2D70F-D751-4D49-881A-A71130602F76}.Debug|iPhone.ActiveCfg = Debug|Any CPU
		{B5F2D70F-D751-4D49-881A-A71130602F76}.Debug|iPhone.Build.0 = Debug|Any CPU
		{B5F2D70F-D751-4D49-881A-A71130602F76}.Debug|iPhoneSimulator.ActiveCfg = Debug|Any CPU
		{B5F2D70F-D751-4D49-881A-A71130602F76}.Debug|iPhoneSimulator.Build.0 = Debug|Any CPU
		{B5F2D70F-D751-4D49-881A-A71130602F76}.Release|Any CPU.ActiveCfg = Release|Any CPU
		{B5F2D70F-D751-4D49-881A-A71130602F76}.Release|Any CPU.Build.0 = Release|Any CPU
		{B5F2D70F-D751-4D49-881A-A71130602F76}.Release|iPhone.ActiveCfg = Release|Any CPU
		{B5F2D70F-D751-4D49-881A-A71130602F76}.Release|iPhone.Build.0 = Release|Any CPU
		{B5F2D70F-D751-4D49-881A-A71130602F76}.Release|iPhoneSimulator.ActiveCfg = Release|Any CPU
		{B5F2D70F-D751-4D49-881A-A71130602F76}.Release|iPhoneSimulator.Build.0 = Release|Any CPU
		{09BAE143-C7F7-493F-8EF9-7618D34DBD34}.Ad-Hoc|Any CPU.ActiveCfg = Debug|Any CPU
		{09BAE143-C7F7-493F-8EF9-7618D34DBD34}.Ad-Hoc|Any CPU.Build.0 = Debug|Any CPU
		{09BAE143-C7F7-493F-8EF9-7618D34DBD34}.Ad-Hoc|iPhone.ActiveCfg = Debug|Any CPU
		{09BAE143-C7F7-493F-8EF9-7618D34DBD34}.Ad-Hoc|iPhone.Build.0 = Debug|Any CPU
		{09BAE143-C7F7-493F-8EF9-7618D34DBD34}.Ad-Hoc|iPhoneSimulator.ActiveCfg = Debug|Any CPU
		{09BAE143-C7F7-493F-8EF9-7618D34DBD34}.Ad-Hoc|iPhoneSimulator.Build.0 = Debug|Any CPU
		{09BAE143-C7F7-493F-8EF9-7618D34DBD34}.AppStore|Any CPU.ActiveCfg = Debug|Any CPU
		{09BAE143-C7F7-493F-8EF9-7618D34DBD34}.AppStore|Any CPU.Build.0 = Debug|Any CPU
		{09BAE143-C7F7-493F-8EF9-7618D34DBD34}.AppStore|iPhone.ActiveCfg = Debug|Any CPU
		{09BAE143-C7F7-493F-8EF9-7618D34DBD34}.AppStore|iPhone.Build.0 = Debug|Any CPU
		{09BAE143-C7F7-493F-8EF9-7618D34DBD34}.AppStore|iPhoneSimulator.ActiveCfg = Debug|Any CPU
		{09BAE143-C7F7-493F-8EF9-7618D34DBD34}.AppStore|iPhoneSimulator.Build.0 = Debug|Any CPU
		{09BAE143-C7F7-493F-8EF9-7618D34DBD34}.Debug|Any CPU.ActiveCfg = Debug|Any CPU
		{09BAE143-C7F7-493F-8EF9-7618D34DBD34}.Debug|Any CPU.Build.0 = Debug|Any CPU
		{09BAE143-C7F7-493F-8EF9-7618D34DBD34}.Debug|iPhone.ActiveCfg = Debug|Any CPU
		{09BAE143-C7F7-493F-8EF9-7618D34DBD34}.Debug|iPhone.Build.0 = Debug|Any CPU
		{09BAE143-C7F7-493F-8EF9-7618D34DBD34}.Debug|iPhoneSimulator.ActiveCfg = Debug|Any CPU
		{09BAE143-C7F7-493F-8EF9-7618D34DBD34}.Debug|iPhoneSimulator.Build.0 = Debug|Any CPU
		{09BAE143-C7F7-493F-8EF9-7618D34DBD34}.Release|Any CPU.ActiveCfg = Release|Any CPU
		{09BAE143-C7F7-493F-8EF9-7618D34DBD34}.Release|Any CPU.Build.0 = Release|Any CPU
		{09BAE143-C7F7-493F-8EF9-7618D34DBD34}.Release|iPhone.ActiveCfg = Release|Any CPU
		{09BAE143-C7F7-493F-8EF9-7618D34DBD34}.Release|iPhone.Build.0 = Release|Any CPU
		{09BAE143-C7F7-493F-8EF9-7618D34DBD34}.Release|iPhoneSimulator.ActiveCfg = Release|Any CPU
		{09BAE143-C7F7-493F-8EF9-7618D34DBD34}.Release|iPhoneSimulator.Build.0 = Release|Any CPU
	EndGlobalSection
	GlobalSection(SolutionProperties) = preSolution
		HideSolutionNode = FALSE
	EndGlobalSection
	GlobalSection(ExtensibilityGlobals) = postSolution
		SolutionGuid = {5790D094-C288-478E-964E-F8F29C7814DF}
	EndGlobalSection
	GlobalSection(TeamFoundationVersionControl) = preSolution
		SccNumberOfProjects = 6
		SccEnterpriseProvider = {4CA58AB2-18FA-4F8D-95D4-32DDF27D184C}
		SccTeamFoundationServer = http://ns158z:8080/tfs/defaultcollection
		SccLocalPath0 = .
		SccProjectUniqueName1 = Mobile\\Mobile\\Mobile.Android\\Mobile.Android.csproj
		SccProjectName1 = Mobile/Mobile/Mobile.Android
		SccLocalPath1 = Mobile\\Mobile\\Mobile.Android
		SccProjectUniqueName2 = Mobile\\Mobile\\Mobile.iOS\\Mobile.iOS.csproj
		SccProjectName2 = Mobile/Mobile/Mobile.iOS
		SccLocalPath2 = Mobile\\Mobile\\Mobile.iOS
		SccProjectUniqueName3 = Mobile\\Mobile\\Mobile\\Mobile.csproj
		SccProjectName3 = Mobile/Mobile/Mobile
		SccLocalPath3 = Mobile\\Mobile\\Mobile
		SccProjectUniqueName4 = Mobile\\Model\\Model.csproj
		SccProjectName4 = Mobile/Model
		SccLocalPath4 = Mobile\\Model
		SccProjectUniqueName5 = Mobile\\Service\\Service.csproj
		SccProjectName5 = Mobile/Service
		SccLocalPath5 = Mobile\\Service
	EndGlobalSection
EndGlobal
